
Microsoft Visual Studio Solution File, Format Version 12.00
# Visual Studio Version 17
VisualStudioVersion = 17.2.32526.322
MinimumVisualStudioVersion = 10.0.40219.1
Project("{FAE04EC0-301F-11D3-BF4B-00C04F79EFBC}") = "piña_notes", "piña_notes\piña_notes.csproj", "{3E9EE3B6-D235-42EA-A23E-2995B0DFBE1F}"
EndProject
Global
	GlobalSection(SolutionConfigurationPlatforms) = preSolution
		Debug|Any CPU = Debug|Any CPU
		Release|Any CPU = Release|Any CPU
	EndGlobalSection
	GlobalSection(ProjectConfigurationPlatforms) = postSolution
		{3E9EE3B6-D235-42EA-A23E-2995B0DFBE1F}.Debug|Any CPU.ActiveCfg = Debug|Any CPU
		{3E9EE3B6-D235-42EA-A23E-2995B0DFBE1F}.Debug|Any CPU.Build.0 = Debug|Any CPU
		{3E9EE3B6-D235-42EA-A23E-2995B0DFBE1F}.Release|Any CPU.ActiveCfg = Release|Any CPU
		{3E9EE3B6-D235-42EA-A23E-2995B0DFBE1F}.Release|Any CPU.Build.0 = Release|Any CPU
	EndGlobalSection
	GlobalSection(SolutionProperties) = preSolution
		HideSolutionNode = FALSE
	EndGlobalSection
	GlobalSection(ExtensibilityGlobals) = postSolution
		SolutionGuid = {3E1B6FE4-BC1B-4B32-8906-2357DDEF0D4E}
	EndGlobalSection
EndGlobal
